
Microsoft Visual Studio Solution File, Format Version 12.00
# Visual Studio 15
VisualStudioVersion = 15.0.27130.2027
MinimumVisualStudioVersion = 10.0.40219.1
Project("{E24C65DC-7377-472B-9ABA-BC803B73C61A}") = "ControlCenter", "ControlCenter\", "{0D9819C9-86E4-4B92-8031-0C8838788C70}"
	ProjectSection(WebsiteProperties) = preProject
		TargetFrameworkMoniker = ".NETFramework,Version%3Dv4.6.1"
		Debug.AspNetCompiler.VirtualPath = "/localhost_52840"
		Debug.AspNetCompiler.PhysicalPath = "ControlCenter\"
		Debug.AspNetCompiler.TargetPath = "PrecompiledWeb\localhost_52840\"
		Debug.AspNetCompiler.Updateable = "true"
		Debug.AspNetCompiler.ForceOverwrite = "true"
		Debug.AspNetCompiler.FixedNames = "false"
		Debug.AspNetCompiler.Debug = "True"
		Release.AspNetCompiler.VirtualPath = "/localhost_52840"
		Release.AspNetCompiler.PhysicalPath = "ControlCenter\"
		Release.AspNetCompiler.TargetPath = "PrecompiledWeb\localhost_52840\"
		Release.AspNetCompiler.Updateable = "true"
		Release.AspNetCompiler.ForceOverwrite = "true"
		Release.AspNetCompiler.FixedNames = "false"
		Release.AspNetCompiler.Debug = "False"
		VWDPort = "52840"
		SlnRelativePath = "ControlCenter\"
		DefaultWebSiteLanguage = "Visual C#"
	EndProjectSection
EndProject
Project("{FAE04EC0-301F-11D3-BF4B-00C04F79EFBC}") = "Noise.WPF", "Noise.WPF\Noise.WPF.csproj", "{0E72CE28-81D7-46EA-A893-171E93D2FA49}"
EndProject
Global
	GlobalSection(SolutionConfigurationPlatforms) = preSolution
		Debug|Any CPU = Debug|Any CPU
		Release|Any CPU = Release|Any CPU
	EndGlobalSection
	GlobalSection(ProjectConfigurationPlatforms) = postSolution
		{0D9819C9-86E4-4B92-8031-0C8838788C70}.Debug|Any CPU.ActiveCfg = Debug|Any CPU
		{0D9819C9-86E4-4B92-8031-0C8838788C70}.Debug|Any CPU.Build.0 = Debug|Any CPU
		{0D9819C9-86E4-4B92-8031-0C8838788C70}.Release|Any CPU.ActiveCfg = Debug|Any CPU
		{0D9819C9-86E4-4B92-8031-0C8838788C70}.Release|Any CPU.Build.0 = Debug|Any CPU
		{0E72CE28-81D7-46EA-A893-171E93D2FA49}.Debug|Any CPU.ActiveCfg = Debug|Any CPU
		{0E72CE28-81D7-46EA-A893-171E93D2FA49}.Debug|Any CPU.Build.0 = Debug|Any CPU
		{0E72CE28-81D7-46EA-A893-171E93D2FA49}.Release|Any CPU.ActiveCfg = Release|Any CPU
		{0E72CE28-81D7-46EA-A893-171E93D2FA49}.Release|Any CPU.Build.0 = Release|Any CPU
	EndGlobalSection
	GlobalSection(SolutionProperties) = preSolution
		HideSolutionNode = FALSE
	EndGlobalSection
	GlobalSection(ExtensibilityGlobals) = postSolution
		SolutionGuid = {357CD871-83C6-400C-9A8D-193870C5CEAC}
	EndGlobalSection
EndGlobal
